
Microsoft Visual Studio Solution File, Format Version 11.00
# Visual Studio 2010
# SharpDevelop 4.2.2.8818
Project("{FAE04EC0-301F-11D3-BF4B-00C04F79EFBC}") = "Bot", "Bot.csproj", "{266C5535-09A2-4A0E-8D2E-27C9E6ADBD75}"
EndProject
Global
	GlobalSection(SolutionConfigurationPlatforms) = preSolution
		Debug|Any CPU = Debug|Any CPU
		Release|Any CPU = Release|Any CPU
		Debug|Any CPU = Debug|Any CPU
		Release|Any CPU = Release|Any CPU
	EndGlobalSection
	GlobalSection(ProjectConfigurationPlatforms) = postSolution
		{266C5535-09A2-4A0E-8D2E-27C9E6ADBD75}.Debug|Any CPU.Build.0 = Debug|Any CPU
		{266C5535-09A2-4A0E-8D2E-27C9E6ADBD75}.Debug|Any CPU.ActiveCfg = Debug|Any CPU
		{266C5535-09A2-4A0E-8D2E-27C9E6ADBD75}.Release|Any CPU.Build.0 = Release|Any CPU
		{266C5535-09A2-4A0E-8D2E-27C9E6ADBD75}.Release|Any CPU.ActiveCfg = Release|Any CPU
	EndGlobalSection
EndGlobal
